{
  "requires": true,
  "lockfileVersion": 1,
  "dependencies": {
    "@babel/runtime": {
      "version": "7.7.6",
      "resolved": "https://registry.npmjs.org/@babel/runtime/-/runtime-7.7.6.tgz",
      "integrity": "sha512-BWAJxpNVa0QlE5gZdWjSxXtemZyZ9RmrmVozxt3NUXeZhVIJ5ANyqmMc0JDrivBZyxUuQvFxlvH4OWWOogGfUw==",
      "requires": {
        "regenerator-runtime": "^0.13.2"
      }
    },
    "@chakra-ui/core": {
      "version": "0.5.0",
      "resolved": "https://registry.npmjs.org/@chakra-ui/core/-/core-0.5.0.tgz",
      "integrity": "sha512-3I1j+tKQHOOQ8oO8DqSJ+FDwWh/xa+K+4JNFIK5JBrjerO1r4y+zmx5Svv0MNeLAywXbEGQd4K6IrentwKM7BA==",
      "requires": {
        "@reach/auto-id": "0.2.0",
        "@styled-system/css": "5.0.13",
        "@styled-system/should-forward-prop": "5.0.12",
        "@types/styled-system": "5.0.1",
        "aria-hidden": "^1.1.1",
        "body-scroll-lock": "^2.6.4",
        "color": "3.1.2",
        "exenv": "^1.2.2",
        "popper.js": "^1.15.0",
        "pretty-num": "0.3.0",
        "react-animate-height": "2.0.9",
        "react-focus-lock": "2.1.0",
        "react-spring": "^8.0.27",
        "styled-system": "5.0.5",
        "toasted-notes": "3.0.0",
        "use-dark-mode": "2.3.1"
      }
    },
    "@emotion/is-prop-valid": {
      "version": "0.8.5",
      "resolved": "https://registry.npmjs.org/@emotion/is-prop-valid/-/is-prop-valid-0.8.5.tgz",
      "integrity": "sha512-6ZODuZSFofbxSbcxwsFz+6ioPjb0ISJRRPLZ+WIbjcU2IMU0Io+RGQjjaTgOvNQl007KICBm7zXQaYQEC1r6Bg==",
      "requires": {
        "@emotion/memoize": "0.7.3"
      }
    },
    "@emotion/memoize": {
      "version": "0.7.3",
      "resolved": "https://registry.npmjs.org/@emotion/memoize/-/memoize-0.7.3.tgz",
      "integrity": "sha512-2Md9mH6mvo+ygq1trTeVp2uzAKwE2P7In0cRpD/M9Q70aH8L+rxMLbb3JCN2JoSWsV2O+DdFjfbbXoMoLBczow=="
    },
    "@reach/alert": {
      "version": "0.1.5",
      "resolved": "https://registry.npmjs.org/@reach/alert/-/alert-0.1.5.tgz",
      "integrity": "sha512-Ow+SB7rokGWxmm+AdOpf4eo29OaEYDqlJ1Kc9qulVX2cKjYiHQqAvkiCkSaIPkQbbyNmEXJ0c/rVpzPVvCVIAw==",
      "requires": {
        "@reach/component-component": "^0.1.3",
        "@reach/visually-hidden": "^0.1.4"
      }
    },
    "@reach/auto-id": {
      "version": "0.2.0",
      "resolved": "https://registry.npmjs.org/@reach/auto-id/-/auto-id-0.2.0.tgz",
      "integrity": "sha512-lVK/svL2HuQdp7jgvlrLkFsUx50Az9chAhxpiPwBqcS83I2pVWvXp98FOcSCCJCV++l115QmzHhFd+ycw1zLBg=="
    },
    "@reach/component-component": {
      "version": "0.1.3",
      "resolved": "https://registry.npmjs.org/@reach/component-component/-/component-component-0.1.3.tgz",
      "integrity": "sha512-a1USH7L3bEfDdPN4iNZGvMEFuBfkdG+QNybeyDv8RloVFgZYRoM+KGXyy2KOfEnTUM8QWDRSROwaL3+ts5Angg=="
    },
    "@reach/visually-hidden": {
      "version": "0.1.4",
      "resolved": "https://registry.npmjs.org/@reach/visually-hidden/-/visually-hidden-0.1.4.tgz",
      "integrity": "sha512-QHbzXjflSlCvDd6vJwdwx16mSB+vUCCQMiU/wK/CgVNPibtpEiIbisyxkpZc55DyDFNUIqP91rSUsNae+ogGDQ=="
    },
    "@styled-system/background": {
      "version": "5.1.2",
      "resolved": "https://registry.npmjs.org/@styled-system/background/-/background-5.1.2.tgz",
      "integrity": "sha512-jtwH2C/U6ssuGSvwTN3ri/IyjdHb8W9X/g8Y0JLcrH02G+BW3OS8kZdHphF1/YyRklnrKrBT2ngwGUK6aqqV3A==",
      "requires": {
        "@styled-system/core": "^5.1.2"
      }
    },
    "@styled-system/border": {
      "version": "5.1.2",
      "resolved": "https://registry.npmjs.org/@styled-system/border/-/border-5.1.2.tgz",
      "integrity": "sha512-mSSxyQGXELdNSOlf4RqaOKsX+w6//zooR3p6qDj5Zgc5pIdEsJm63QLz6EST/6xBJwTX0Z1w4ExItdd6Q7rlTQ==",
      "requires": {
        "@styled-system/core": "^5.1.2"
      }
    },
    "@styled-system/color": {
      "version": "5.1.2",
      "resolved": "https://registry.npmjs.org/@styled-system/color/-/color-5.1.2.tgz",
      "integrity": "sha512-1kCkeKDZkt4GYkuFNKc7vJQMcOmTl3bJY3YBUs7fCNM6mMYJeT1pViQ2LwBSBJytj3AB0o4IdLBoepgSgGl5MA==",
      "requires": {
        "@styled-system/core": "^5.1.2"
      }
    },
    "@styled-system/core": {
      "version": "5.1.2",
      "resolved": "https://registry.npmjs.org/@styled-system/core/-/core-5.1.2.tgz",
      "integrity": "sha512-XclBDdNIy7OPOsN4HBsawG2eiWfCcuFt6gxKn1x4QfMIgeO6TOlA2pZZ5GWZtIhCUqEPTgIBta6JXsGyCkLBYw==",
      "requires": {
        "object-assign": "^4.1.1"
      }
    },
    "@styled-system/css": {
      "version": "5.0.13",
      "resolved": "https://registry.npmjs.org/@styled-system/css/-/css-5.0.13.tgz",
      "integrity": "sha512-BN/d/zYw5jpBuhzRVpPLfqsFH6TaTjcROtiJcLzFkhc8RUM+AFp3n3pGTY0yoIqLEhYSU+z5frQ4yi7V5xb7NQ=="
    },
    "@styled-system/flexbox": {
      "version": "5.1.2",
      "resolved": "https://registry.npmjs.org/@styled-system/flexbox/-/flexbox-5.1.2.tgz",
      "integrity": "sha512-6hHV52+eUk654Y1J2v77B8iLeBNtc+SA3R4necsu2VVinSD7+XY5PCCEzBFaWs42dtOEDIa2lMrgL0YBC01mDQ==",
      "requires": {
        "@styled-system/core": "^5.1.2"
      }
    },
    "@styled-system/grid": {
      "version": "5.1.2",
      "resolved": "https://registry.npmjs.org/@styled-system/grid/-/grid-5.1.2.tgz",
      "integrity": "sha512-K3YiV1KyHHzgdNuNlaw8oW2ktMuGga99o1e/NAfTEi5Zsa7JXxzwEnVSDSBdJC+z6R8WYTCYRQC6bkVFcvdTeg==",
      "requires": {
        "@styled-system/core": "^5.1.2"
      }
    },
    "@styled-system/layout": {
      "version": "5.1.2",
      "resolved": "https://registry.npmjs.org/@styled-system/layout/-/layout-5.1.2.tgz",
      "integrity": "sha512-wUhkMBqSeacPFhoE9S6UF3fsMEKFv91gF4AdDWp0Aym1yeMPpqz9l9qS/6vjSsDPF7zOb5cOKC3tcKKOMuDCPw==",
      "requires": {
        "@styled-system/core": "^5.1.2"
      }
    },
    "@styled-system/position": {
      "version": "5.1.2",
      "resolved": "https://registry.npmjs.org/@styled-system/position/-/position-5.1.2.tgz",
      "integrity": "sha512-60IZfMXEOOZe3l1mCu6sj/2NAyUmES2kR9Kzp7s2D3P4qKsZWxD1Se1+wJvevb+1TP+ZMkGPEYYXRyU8M1aF5A==",
      "requires": {
        "@styled-system/core": "^5.1.2"
      }
    },
    "@styled-system/shadow": {
      "version": "5.1.2",
      "resolved": "https://registry.npmjs.org/@styled-system/shadow/-/shadow-5.1.2.tgz",
      "integrity": "sha512-wqniqYb7XuZM7K7C0d1Euxc4eGtqEe/lvM0WjuAFsQVImiq6KGT7s7is+0bNI8O4Dwg27jyu4Lfqo/oIQXNzAg==",
      "requires": {
        "@styled-system/core": "^5.1.2"
      }
    },
    "@styled-system/should-forward-prop": {
      "version": "5.0.12",
      "resolved": "https://registry.npmjs.org/@styled-system/should-forward-prop/-/should-forward-prop-5.0.12.tgz",
      "integrity": "sha512-522JcIdL6cCgyhUjFTj+2/3roNnZiG0u/o4uPbMuQ/G1MjHoWccuayoYXk+sdLc9K4JbJKyVCXJD2oVw0BfxDA==",
      "requires": {
        "@emotion/is-prop-valid": "^0.8.1",
        "@emotion/memoize": "^0.7.1",
        "styled-system": "^5.0.12"
      },
      "dependencies": {
        "styled-system": {
          "version": "5.1.4",
          "resolved": "https://registry.npmjs.org/styled-system/-/styled-system-5.1.4.tgz",
          "integrity": "sha512-b1EdfZ41NDcR6vnvZauylhpFvSjsFl1yyQEUA+v3rLjcKdM//EIFY195Nh3YLwgj+hWIWsG0Tk1Kl0tq1xLw8Q==",
          "requires": {
            "@styled-system/background": "^5.1.2",
            "@styled-system/border": "^5.1.2",
            "@styled-system/color": "^5.1.2",
            "@styled-system/core": "^5.1.2",
            "@styled-system/flexbox": "^5.1.2",
            "@styled-system/grid": "^5.1.2",
            "@styled-system/layout": "^5.1.2",
            "@styled-system/position": "^5.1.2",
            "@styled-system/shadow": "^5.1.2",
            "@styled-system/space": "^5.1.2",
            "@styled-system/typography": "^5.1.2",
            "@styled-system/variant": "^5.1.4",
            "object-assign": "^4.1.1"
          }
        }
      }
    },
    "@styled-system/space": {
      "version": "5.1.2",
      "resolved": "https://registry.npmjs.org/@styled-system/space/-/space-5.1.2.tgz",
      "integrity": "sha512-+zzYpR8uvfhcAbaPXhH8QgDAV//flxqxSjHiS9cDFQQUSznXMQmxJegbhcdEF7/eNnJgHeIXv1jmny78kipgBA==",
      "requires": {
        "@styled-system/core": "^5.1.2"
      }
    },
    "@styled-system/typography": {
      "version": "5.1.2",
      "resolved": "https://registry.npmjs.org/@styled-system/typography/-/typography-5.1.2.tgz",
      "integrity": "sha512-BxbVUnN8N7hJ4aaPOd7wEsudeT7CxarR+2hns8XCX1zp0DFfbWw4xYa/olA0oQaqx7F1hzDg+eRaGzAJbF+jOg==",
      "requires": {
        "@styled-system/core": "^5.1.2"
      }
    },
    "@styled-system/variant": {
      "version": "5.1.4",
      "resolved": "https://registry.npmjs.org/@styled-system/variant/-/variant-5.1.4.tgz",
      "integrity": "sha512-4bI2AYQfWU/ljvWlysKU8T+6gsVx5xXEI/yBvg2De7Jd6o03ZQ9tsL3OJwbzyMkIKg+UZp7YG190txEOb8K6tg==",
      "requires": {
        "@styled-system/core": "^5.1.2",
        "@styled-system/css": "^5.1.4"
      },
      "dependencies": {
        "@styled-system/css": {
          "version": "5.1.4",
          "resolved": "https://registry.npmjs.org/@styled-system/css/-/css-5.1.4.tgz",
          "integrity": "sha512-79IFT37Kxb6dlbx/0hwIGOakNHkK5oU3cMypGziShnEK8WMgK/+vuAi4MHO7uLI+FZ5U8MGYvGY9Gtk0mBzxSg=="
        }
      }
    },
    "@types/prop-types": {
      "version": "15.7.3",
      "resolved": "https://registry.npmjs.org/@types/prop-types/-/prop-types-15.7.3.tgz",
      "integrity": "sha512-KfRL3PuHmqQLOG+2tGpRO26Ctg+Cq1E01D2DMriKEATHgWLfeNDmq9e29Q9WIky0dQ3NPkd1mzYH8Lm936Z9qw=="
    },
    "@types/react": {
      "version": "16.9.16",
      "resolved": "https://registry.npmjs.org/@types/react/-/react-16.9.16.tgz",
      "integrity": "sha512-dQ3wlehuBbYlfvRXfF5G+5TbZF3xqgkikK7DWAsQXe2KnzV+kjD4W2ea+ThCrKASZn9h98bjjPzoTYzfRqyBkw==",
      "requires": {
        "@types/prop-types": "*",
        "csstype": "^2.2.0"
      }
    },
    "@types/react-dom": {
      "version": "16.9.4",
      "resolved": "https://registry.npmjs.org/@types/react-dom/-/react-dom-16.9.4.tgz",
      "integrity": "sha512-fya9xteU/n90tda0s+FtN5Ym4tbgxpq/hb/Af24dvs6uYnYn+fspaxw5USlw0R8apDNwxsqumdRoCoKitckQqw==",
      "requires": {
        "@types/react": "*"
      }
    },
    "@types/styled-system": {
      "version": "5.0.1",
      "resolved": "https://registry.npmjs.org/@types/styled-system/-/styled-system-5.0.1.tgz",
      "integrity": "sha512-LulwelnGe9yU95yDqB+g9uD0gAn1S3KQyWWKXAOl6uwWtd4lS+q+oGlyHENL+m5zYBNbM5Qi1zoYYLelW29/pg==",
      "requires": {
        "csstype": "^2.6.4"
      }
    },
    "@use-it/event-listener": {
      "version": "0.1.3",
      "resolved": "https://registry.npmjs.org/@use-it/event-listener/-/event-listener-0.1.3.tgz",
      "integrity": "sha512-UCHkLOVU+xj3/1R8jXz8GzDTowkzfIDPESOBlVC2ndgwUSBEqiFdwCoUEs2lcGhJOOiEdmWxF+T23C5+60eEew=="
    },
    "aria-hidden": {
      "version": "1.1.1",
      "resolved": "https://registry.npmjs.org/aria-hidden/-/aria-hidden-1.1.1.tgz",
      "integrity": "sha512-M7zYxCcOQPOaxGHoMTKUFD2UNcVFTp9ycrdStLcTPLf8zgTXC3+YcGe+UuzSh5X1BX/0/PtS8xTNy4xyH/6xtw==",
      "requires": {
        "tslib": "^1.0.0"
      }
    },
    "body-scroll-lock": {
      "version": "2.6.4",
      "resolved": "https://registry.npmjs.org/body-scroll-lock/-/body-scroll-lock-2.6.4.tgz",
      "integrity": "sha512-NP08WsovlmxEoZP9pdlqrE+AhNaivlTrz9a0FF37BQsnOrpN48eNqivKkE7SYpM9N+YIPjsdVzfLAUQDBm6OQw=="
    },
    "classnames": {
      "version": "2.2.6",
      "resolved": "https://registry.npmjs.org/classnames/-/classnames-2.2.6.tgz",
      "integrity": "sha512-JR/iSQOSt+LQIWwrwEzJ9uk0xfN3mTVYMwt1Ir5mUcSN6pU+V4zQFFaJsclJbPuAUQH+yfWef6tm7l1quW3C8Q=="
    },
    "color": {
      "version": "3.1.2",
      "resolved": "https://registry.npmjs.org/color/-/color-3.1.2.tgz",
      "integrity": "sha512-vXTJhHebByxZn3lDvDJYw4lR5+uB3vuoHsuYA5AKuxRVn5wzzIfQKGLBmgdVRHKTJYeK5rvJcHnrd0Li49CFpg==",
      "requires": {
        "color-convert": "^1.9.1",
        "color-string": "^1.5.2"
      }
    },
    "color-convert": {
      "version": "1.9.3",
      "resolved": "https://registry.npmjs.org/color-convert/-/color-convert-1.9.3.tgz",
      "integrity": "sha512-QfAUtd+vFdAtFQcC8CCyYt1fYWxSqAiK2cSD6zDB8N3cpsEBAvRxp9zOGg6G/SHHJYAT88/az/IuDGALsNVbGg==",
      "requires": {
        "color-name": "1.1.3"
      }
    },
    "color-name": {
      "version": "1.1.3",
      "resolved": "https://registry.npmjs.org/color-name/-/color-name-1.1.3.tgz",
      "integrity": "sha1-p9BVi9icQveV3UIyj3QIMcpTvCU="
    },
    "color-string": {
      "version": "1.5.3",
      "resolved": "https://registry.npmjs.org/color-string/-/color-string-1.5.3.tgz",
      "integrity": "sha512-dC2C5qeWoYkxki5UAXapdjqO672AM4vZuPGRQfO8b5HKuKGBbKWpITyDYN7TOFKvRW7kOgAn3746clDBMDJyQw==",
      "requires": {
        "color-name": "^1.0.0",
        "simple-swizzle": "^0.2.2"
      }
    },
    "csstype": {
      "version": "2.6.7",
      "resolved": "https://registry.npmjs.org/csstype/-/csstype-2.6.7.tgz",
      "integrity": "sha512-9Mcn9sFbGBAdmimWb2gLVDtFJzeKtDGIr76TUqmjZrw9LFXBMSU70lcs+C0/7fyCd6iBDqmksUcCOUIkisPHsQ=="
    },
    "detect-node": {
      "version": "2.0.4",
      "resolved": "https://registry.npmjs.org/detect-node/-/detect-node-2.0.4.tgz",
      "integrity": "sha512-ZIzRpLJrOj7jjP2miAtgqIfmzbxa4ZOr5jJc601zklsfEx9oTzmmj2nVpIPRpNlRTIh8lc1kyViIY7BWSGNmKw=="
    },
    "exenv": {
      "version": "1.2.2",
      "resolved": "https://registry.npmjs.org/exenv/-/exenv-1.2.2.tgz",
      "integrity": "sha1-KueOhdmJQVhnCwPUe+wfA72Ru50="
    },
    "focus-lock": {
      "version": "0.6.6",
      "resolved": "https://registry.npmjs.org/focus-lock/-/focus-lock-0.6.6.tgz",
      "integrity": "sha512-Dx69IXGCq1qsUExWuG+5wkiMqVM/zGx/reXSJSLogECwp3x6KeNQZ+NAetgxEFpnC41rD8U3+jRCW68+LNzdtw=="
    },
    "from-exponential": {
      "version": "1.0.0",
      "resolved": "https://registry.npmjs.org/from-exponential/-/from-exponential-1.0.0.tgz",
      "integrity": "sha512-lr7d141V95FOV+W9B2f4D5gNM2Tm6Qk5GOBGwr6ZukwhpWHldqJw30xI+UkVBYi1cQu3afLQQD9QEgxpehT9wg=="
    },
    "is-arrayish": {
      "version": "0.3.2",
      "resolved": "https://registry.npmjs.org/is-arrayish/-/is-arrayish-0.3.2.tgz",
      "integrity": "sha512-eVRqCvVlZbuw3GrM63ovNSNAeA1K16kaR/LRY/92w0zxQ5/1YzwblUX652i4Xs9RwAGjW9d9y6X88t8OaAJfWQ=="
    },
    "js-tokens": {
      "version": "4.0.0",
      "resolved": "https://registry.npmjs.org/js-tokens/-/js-tokens-4.0.0.tgz",
      "integrity": "sha512-RdJUflcE3cUzKiMqQgsCu06FPu9UdIJO0beYbPhHN4k6apgJtifcoCtT9bcxOpYBtpD2kCM6Sbzg4CausW/PKQ=="
    },
    "loose-envify": {
      "version": "1.4.0",
      "resolved": "https://registry.npmjs.org/loose-envify/-/loose-envify-1.4.0.tgz",
      "integrity": "sha512-lyuxPGr/Wfhrlem2CL/UcnUc1zcqKAImBDzukY7Y5F/yQiNdko6+fRLevlw1HgMySw7f611UIY408EtxRSoK3Q==",
      "requires": {
        "js-tokens": "^3.0.0 || ^4.0.0"
      }
    },
    "object-assign": {
      "version": "4.1.1",
      "resolved": "https://registry.npmjs.org/object-assign/-/object-assign-4.1.1.tgz",
      "integrity": "sha1-IQmtx5ZYh8/AXLvUQsrIv7s2CGM="
    },
    "popper.js": {
      "version": "1.16.0",
      "resolved": "https://registry.npmjs.org/popper.js/-/popper.js-1.16.0.tgz",
      "integrity": "sha512-+G+EkOPoE5S/zChTpmBSSDYmhXJ5PsW8eMhH8cP/CQHMFPBG/kC9Y5IIw6qNYgdJ+/COf0ddY2li28iHaZRSjw=="
    },
    "pretty-num": {
      "version": "0.3.0",
      "resolved": "https://registry.npmjs.org/pretty-num/-/pretty-num-0.3.0.tgz",
      "integrity": "sha512-qELFXWLfKYZg3BSdPXG5XqsbjLojJcvssSTH70ITntXZUAiYYXqiFmZX3i1OGfltPmP3SmJAyXuxiZco7OOoyA==",
      "requires": {
        "from-exponential": "^1.0.0",
        "thousands": "^1.0.1"
      }
    },
    "prop-types": {
      "version": "15.7.2",
      "resolved": "https://registry.npmjs.org/prop-types/-/prop-types-15.7.2.tgz",
      "integrity": "sha512-8QQikdH7//R2vurIJSutZ1smHYTcLpRWEOlHnzcWHmBYrOGUysKwSsrC89BCiFj3CbrfJ/nXFdJepOVrY1GCHQ==",
      "requires": {
        "loose-envify": "^1.4.0",
        "object-assign": "^4.1.1",
        "react-is": "^16.8.1"
      }
    },
    "react-animate-height": {
      "version": "2.0.9",
      "resolved": "https://registry.npmjs.org/react-animate-height/-/react-animate-height-2.0.9.tgz",
      "integrity": "sha512-zIM8+TNw17ZgKo2Q5J342epAmZTjeUOZULoqOSIWz2xFn6UbSSTlLahFJS8RPndTjY2/BdBCGzDbi2aWIELtJw==",
      "requires": {
        "classnames": "^2.2.5",
        "prop-types": "^15.6.1"
      }
    },
    "react-clientside-effect": {
      "version": "1.2.2",
      "resolved": "https://registry.npmjs.org/react-clientside-effect/-/react-clientside-effect-1.2.2.tgz",
      "integrity": "sha512-nRmoyxeok5PBO6ytPvSjKp9xwXg9xagoTK1mMjwnQxqM9Hd7MNPl+LS1bOSOe+CV2+4fnEquc7H/S8QD3q697A==",
      "requires": {
        "@babel/runtime": "^7.0.0"
      }
    },
    "react-focus-lock": {
      "version": "2.1.0",
      "resolved": "https://registry.npmjs.org/react-focus-lock/-/react-focus-lock-2.1.0.tgz",
      "integrity": "sha512-+9SIClb2CNmpr2rMeWXMDGbXCXSL+R+nU5MLdjMK8FRQRqwjBUhAR2+AFALURFQ4crHsvwQbGbCrVb5JCiWkHA==",
      "requires": {
        "@babel/runtime": "^7.0.0",
        "focus-lock": "^0.6.5",
        "prop-types": "^15.6.2",
        "react-clientside-effect": "^1.2.2",
        "use-sidecar": "^1.0.1"
      }
    },
    "react-is": {
      "version": "16.12.0",
      "resolved": "https://registry.npmjs.org/react-is/-/react-is-16.12.0.tgz",
      "integrity": "sha512-rPCkf/mWBtKc97aLL9/txD8DZdemK0vkA3JMLShjlJB3Pj3s+lpf1KaBzMfQrAmhMQB0n1cU/SUGgKKBCe837Q=="
    },
    "react-spring": {
      "version": "8.0.27",
      "resolved": "https://registry.npmjs.org/react-spring/-/react-spring-8.0.27.tgz",
      "integrity": "sha512-nDpWBe3ZVezukNRandTeLSPcwwTMjNVu1IDq9qA/AMiUqHuRN4BeSWvKr3eIxxg1vtiYiOLy4FqdfCP5IoP77g==",
      "requires": {
        "@babel/runtime": "^7.3.1",
        "prop-types": "^15.5.8"
      }
    },
    "react-stripe-elements": {
      "version": "6.0.1",
      "resolved": "https://registry.npmjs.org/react-stripe-elements/-/react-stripe-elements-6.0.1.tgz",
      "integrity": "sha512-WVKTunSgsrkm8Tv1+BEehfYrA2CHdlk01ocmbcECliPb1EDybaoUCx2MR212ptRHyitMrHF+ahUTewjaX98kcQ==",
      "requires": {
        "prop-types": "15.7.2"
      }
    },
    "regenerator-runtime": {
      "version": "0.13.3",
      "resolved": "https://registry.npmjs.org/regenerator-runtime/-/regenerator-runtime-0.13.3.tgz",
      "integrity": "sha512-naKIZz2GQ8JWh///G7L3X6LaQUAMp2lvb1rvwwsURe/VXwD6VMfr+/1NuNw3ag8v2kY1aQ/go5SNn79O9JU7yw=="
    },
    "simple-swizzle": {
      "version": "0.2.2",
      "resolved": "https://registry.npmjs.org/simple-swizzle/-/simple-swizzle-0.2.2.tgz",
      "integrity": "sha1-pNprY1/8zMoz9w0Xy5JZLeleVXo=",
      "requires": {
        "is-arrayish": "^0.3.1"
      }
    },
    "styled-system": {
      "version": "5.0.5",
      "resolved": "https://registry.npmjs.org/styled-system/-/styled-system-5.0.5.tgz",
      "integrity": "sha512-ylAQlaknwcjWPLmZeceKKe3Q8EsGZgKtgj7RHiL/ETBq/KzC+mNcpIcoPQwviuOx0O/yjcDwA/JUAVIbEAYArg==",
      "requires": {
        "@styled-system/background": "^5.0.5",
        "@styled-system/border": "^5.0.5",
        "@styled-system/color": "^5.0.5",
        "@styled-system/core": "^5.0.5",
        "@styled-system/flexbox": "^5.0.5",
        "@styled-system/grid": "^5.0.5",
        "@styled-system/layout": "^5.0.5",
        "@styled-system/position": "^5.0.5",
        "@styled-system/shadow": "^5.0.5",
        "@styled-system/space": "^5.0.5",
        "@styled-system/typography": "^5.0.5",
        "@styled-system/variant": "^5.0.5",
        "object-assign": "^4.1.1"
      }
    },
    "thousands": {
      "version": "1.0.1",
      "resolved": "https://registry.npmjs.org/thousands/-/thousands-1.0.1.tgz",
      "integrity": "sha1-WetbbReasgpC2dG90FwsoH+8LZQ="
    },
    "toasted-notes": {
      "version": "3.0.0",
      "resolved": "https://registry.npmjs.org/toasted-notes/-/toasted-notes-3.0.0.tgz",
      "integrity": "sha512-gjL18/1aNP+bgipt1YbCBFeinFYExubltm8HIAJIYmlzDquC+YpajYOfhVysUCnBGwkX0w1V1AF5whpHGqohkQ==",
      "requires": {
        "@reach/alert": "^0.1.2",
        "@types/react": "^16.8.10",
        "@types/react-dom": "^16.8.3"
      }
    },
    "tslib": {
      "version": "1.10.0",
      "resolved": "https://registry.npmjs.org/tslib/-/tslib-1.10.0.tgz",
      "integrity": "sha512-qOebF53frne81cf0S9B41ByenJ3/IuH8yJKngAX35CmiZySA0khhkovshKK+jGCaMnVomla7gVlIcc3EvKPbTQ=="
    },
    "use-dark-mode": {
      "version": "2.3.1",
      "resolved": "https://registry.npmjs.org/use-dark-mode/-/use-dark-mode-2.3.1.tgz",
      "integrity": "sha512-hmcdJR96tTustRQdaQwe6jMrZHnmPqXBxgy4jaQ4gsfhwajsCpjECuq9prgDe9XxMx/f9r96o2/md6O4Lwhwjg==",
      "requires": {
        "@use-it/event-listener": "^0.1.2",
        "use-persisted-state": "^0.3.0"
      }
    },
    "use-persisted-state": {
      "version": "0.3.0",
      "resolved": "https://registry.npmjs.org/use-persisted-state/-/use-persisted-state-0.3.0.tgz",
      "integrity": "sha512-UlWEq0JYg7NbvcRBZ1g6Bwe4SEbYfr1wr/D5mrmfCzSxXSwsPRYygGLlsxHcW58Rf7gGwRPBT23sNVvyVn4WYg==",
      "requires": {
        "@use-it/event-listener": "^0.1.2"
      }
    },
    "use-sidecar": {
      "version": "1.0.2",
      "resolved": "https://registry.npmjs.org/use-sidecar/-/use-sidecar-1.0.2.tgz",
      "integrity": "sha512-287RZny6m5KNMTb/Kq9gmjafi7lQL0YHO1lYolU6+tY1h9+Z3uCtkJJ3OSOq3INwYf2hBryCcDh4520AhJibMA==",
      "requires": {
        "detect-node": "^2.0.4",
        "tslib": "^1.9.3"
      }
    }
  }
}
